
Microsoft Visual Studio Solution File, Format Version 12.00
# Visual Studio Version 17
VisualStudioVersion = 17.7.34031.279
MinimumVisualStudioVersion = 10.0.40219.1
Project("{9A19103F-16F7-4668-BE54-9A1E7A4F7556}") = "Lieferliste_WPF", "Lieferliste_WPF\Lieferliste_WPF.csproj", "{193B83C9-4EAF-4CF2-B535-CFB9D3A588F5}"
EndProject
Project("{9A19103F-16F7-4668-BE54-9A1E7A4F7556}") = "El2Core", "El2Utilities\El2Core.csproj", "{6D8D74A9-0E1A-4C29-9F31-0089EA385582}"
EndProject
Project("{9A19103F-16F7-4668-BE54-9A1E7A4F7556}") = "ModuleDeliverList", "ModuleDeliverList\ModuleDeliverList.csproj", "{B3A22B0C-AFFF-4069-9633-DBB5D8CCAE92}"
EndProject
Project("{9A19103F-16F7-4668-BE54-9A1E7A4F7556}") = "CompositeCommands.Core", "CompositeCommands.Core\CompositeCommands.Core.csproj", "{94485661-7B0E-4A66-A43E-93E2402AB533}"
EndProject
Project("{9A19103F-16F7-4668-BE54-9A1E7A4F7556}") = "WpfCustomControlLibrary", "WpfCustomControlLibrary\WpfCustomControlLibrary.csproj", "{0C07FC99-0B2D-4259-83C9-E149B883ECCC}"
EndProject
Global
	GlobalSection(SolutionConfigurationPlatforms) = preSolution
		Debug|Any CPU = Debug|Any CPU
		Release|Any CPU = Release|Any CPU
	EndGlobalSection
	GlobalSection(ProjectConfigurationPlatforms) = postSolution
		{193B83C9-4EAF-4CF2-B535-CFB9D3A588F5}.Debug|Any CPU.ActiveCfg = Debug|Any CPU
		{193B83C9-4EAF-4CF2-B535-CFB9D3A588F5}.Debug|Any CPU.Build.0 = Debug|Any CPU
		{193B83C9-4EAF-4CF2-B535-CFB9D3A588F5}.Release|Any CPU.ActiveCfg = Release|Any CPU
		{193B83C9-4EAF-4CF2-B535-CFB9D3A588F5}.Release|Any CPU.Build.0 = Release|Any CPU
		{6D8D74A9-0E1A-4C29-9F31-0089EA385582}.Debug|Any CPU.ActiveCfg = Debug|Any CPU
		{6D8D74A9-0E1A-4C29-9F31-0089EA385582}.Debug|Any CPU.Build.0 = Debug|Any CPU
		{6D8D74A9-0E1A-4C29-9F31-0089EA385582}.Release|Any CPU.ActiveCfg = Release|Any CPU
		{6D8D74A9-0E1A-4C29-9F31-0089EA385582}.Release|Any CPU.Build.0 = Release|Any CPU
		{B3A22B0C-AFFF-4069-9633-DBB5D8CCAE92}.Debug|Any CPU.ActiveCfg = Debug|Any CPU
		{B3A22B0C-AFFF-4069-9633-DBB5D8CCAE92}.Debug|Any CPU.Build.0 = Debug|Any CPU
		{B3A22B0C-AFFF-4069-9633-DBB5D8CCAE92}.Release|Any CPU.ActiveCfg = Release|Any CPU
		{B3A22B0C-AFFF-4069-9633-DBB5D8CCAE92}.Release|Any CPU.Build.0 = Release|Any CPU
		{94485661-7B0E-4A66-A43E-93E2402AB533}.Debug|Any CPU.ActiveCfg = Debug|Any CPU
		{94485661-7B0E-4A66-A43E-93E2402AB533}.Debug|Any CPU.Build.0 = Debug|Any CPU
		{94485661-7B0E-4A66-A43E-93E2402AB533}.Release|Any CPU.ActiveCfg = Release|Any CPU
		{94485661-7B0E-4A66-A43E-93E2402AB533}.Release|Any CPU.Build.0 = Release|Any CPU
		{0C07FC99-0B2D-4259-83C9-E149B883ECCC}.Debug|Any CPU.ActiveCfg = Debug|Any CPU
		{0C07FC99-0B2D-4259-83C9-E149B883ECCC}.Debug|Any CPU.Build.0 = Debug|Any CPU
		{0C07FC99-0B2D-4259-83C9-E149B883ECCC}.Release|Any CPU.ActiveCfg = Release|Any CPU
		{0C07FC99-0B2D-4259-83C9-E149B883ECCC}.Release|Any CPU.Build.0 = Release|Any CPU
	EndGlobalSection
	GlobalSection(SolutionProperties) = preSolution
		HideSolutionNode = FALSE
	EndGlobalSection
	GlobalSection(ExtensibilityGlobals) = postSolution
		SolutionGuid = {A098BC9E-4F38-489A-B483-0D6FEB471AF2}
	EndGlobalSection
EndGlobal
